// !$*UTF8*$!
{
	archiveVersion = 1;
	classes = {
	};
	objectVersion = 50;
	objects = {

/* Begin PBXBuildFile section */
		2943A86920838C6800BEEAD4 /* UIImageExtension.swift in Sources */ = {isa = PBXBuildFile; fileRef = 2943A86820838C6700BEEAD4 /* UIImageExtension.swift */; };
		2943A86B2083901600BEEAD4 /* ImageTableViewCell.swift in Sources */ = {isa = PBXBuildFile; fileRef = 2943A86A2083901600BEEAD4 /* ImageTableViewCell.swift */; };
		29A06A4C20816333007C48F7 /* AppDelegate.swift in Sources */ = {isa = PBXBuildFile; fileRef = 29A06A4B20816333007C48F7 /* AppDelegate.swift */; };
		29A06A5120816333007C48F7 /* Main.storyboard in Resources */ = {isa = PBXBuildFile; fileRef = 29A06A4F20816333007C48F7 /* Main.storyboard */; };
		29A06A5320816334007C48F7 /* Assets.xcassets in Resources */ = {isa = PBXBuildFile; fileRef = 29A06A5220816334007C48F7 /* Assets.xcassets */; };
		29A06A5620816334007C48F7 /* LaunchScreen.storyboard in Resources */ = {isa = PBXBuildFile; fileRef = 29A06A5420816334007C48F7 /* LaunchScreen.storyboard */; };
		29A06A6120823E79007C48F7 /* Service.swift in Sources */ = {isa = PBXBuildFile; fileRef = 29A06A6020823E79007C48F7 /* Service.swift */; };
		29A06A6320823F31007C48F7 /* Document.swift in Sources */ = {isa = PBXBuildFile; fileRef = 29A06A6220823F31007C48F7 /* Document.swift */; };
		29A06A652082446F007C48F7 /* Constants.swift in Sources */ = {isa = PBXBuildFile; fileRef = 29A06A642082446F007C48F7 /* Constants.swift */; };
		29A06A67208244E6007C48F7 /* RestEndpoints.plist in Resources */ = {isa = PBXBuildFile; fileRef = 29A06A66208244E6007C48F7 /* RestEndpoints.plist */; };
		29A06A6D20824AF1007C48F7 /* Alamofire.framework in Embed Frameworks */ = {isa = PBXBuildFile; fileRef = 29A06A69208249B1007C48F7 /* Alamofire.framework */; settings = {ATTRIBUTES = (CodeSignOnCopy, RemoveHeadersOnCopy, ); }; };
		29A06A722082AA64007C48F7 /* BasicTableViewCell.swift in Sources */ = {isa = PBXBuildFile; fileRef = 29A06A712082AA63007C48F7 /* BasicTableViewCell.swift */; };
		29A06A742082AAA9007C48F7 /* DocumentListTableViewController.swift in Sources */ = {isa = PBXBuildFile; fileRef = 29A06A732082AAA9007C48F7 /* DocumentListTableViewController.swift */; };
		29A06A782082AB6A007C48F7 /* ApplicationManager.swift in Sources */ = {isa = PBXBuildFile; fileRef = 29A06A772082AB6A007C48F7 /* ApplicationManager.swift */; };
		29A06A852082DFC0007C48F7 /* AddDocumentViewController.swift in Sources */ = {isa = PBXBuildFile; fileRef = 29A06A842082DFC0007C48F7 /* AddDocumentViewController.swift */; };
		29A06A872082ECAE007C48F7 /* User.swift in Sources */ = {isa = PBXBuildFile; fileRef = 29A06A862082ECAE007C48F7 /* User.swift */; };
		29DCE33820846A0400642FF6 /* LoginViewController.swift in Sources */ = {isa = PBXBuildFile; fileRef = 29DCE33720846A0400642FF6 /* LoginViewController.swift */; };
		29DCE33A20846A1300642FF6 /* NewAccountViewController.swift in Sources */ = {isa = PBXBuildFile; fileRef = 29DCE33920846A1300642FF6 /* NewAccountViewController.swift */; };
		29DCE33C208471BB00642FF6 /* UIAlertExtension.swift in Sources */ = {isa = PBXBuildFile; fileRef = 29DCE33B208471BB00642FF6 /* UIAlertExtension.swift */; };
		29DCE34320847A1F00642FF6 /* Utils.swift in Sources */ = {isa = PBXBuildFile; fileRef = 29DCE34220847A1F00642FF6 /* Utils.swift */; };
		29DFB3C420839B3E0013F1EE /* DocumentDetailViewController.swift in Sources */ = {isa = PBXBuildFile; fileRef = 29DFB3C320839B3E0013F1EE /* DocumentDetailViewController.swift */; };
		29F8B3C02083EB53000A974C /* FilterDocumentViewController.swift in Sources */ = {isa = PBXBuildFile; fileRef = 29F8B3BF2083EB53000A974C /* FilterDocumentViewController.swift */; };
/* End PBXBuildFile section */

/* Begin PBXCopyFilesBuildPhase section */
		29A06A6E20824AF1007C48F7 /* Embed Frameworks */ = {
			isa = PBXCopyFilesBuildPhase;
			buildActionMask = 2147483647;
			dstPath = "";
			dstSubfolderSpec = 10;
			files = (
				29A06A6D20824AF1007C48F7 /* Alamofire.framework in Embed Frameworks */,
			);
			name = "Embed Frameworks";
			runOnlyForDeploymentPostprocessing = 0;
		};
/* End PBXCopyFilesBuildPhase section */

/* Begin PBXFileReference section */
		2943A86820838C6700BEEAD4 /* UIImageExtension.swift */ = {isa = PBXFileReference; lastKnownFileType = sourcecode.swift; path = UIImageExtension.swift; sourceTree = "<group>"; };
		2943A86A2083901600BEEAD4 /* ImageTableViewCell.swift */ = {isa = PBXFileReference; lastKnownFileType = sourcecode.swift; path = ImageTableViewCell.swift; sourceTree = "<group>"; };
		29A06A4820816332007C48F7 /* myDocuments.app */ = {isa = PBXFileReference; explicitFileType = wrapper.application; includeInIndex = 0; path = myDocuments.app; sourceTree = BUILT_PRODUCTS_DIR; };
		29A06A4B20816333007C48F7 /* AppDelegate.swift */ = {isa = PBXFileReference; lastKnownFileType = sourcecode.swift; path = AppDelegate.swift; sourceTree = "<group>"; };
		29A06A5020816333007C48F7 /* Base */ = {isa = PBXFileReference; lastKnownFileType = file.storyboard; name = Base; path = Base.lproj/Main.storyboard; sourceTree = "<group>"; };
		29A06A5220816334007C48F7 /* Assets.xcassets */ = {isa = PBXFileReference; lastKnownFileType = folder.assetcatalog; path = Assets.xcassets; sourceTree = "<group>"; };
		29A06A5520816334007C48F7 /* Base */ = {isa = PBXFileReference; lastKnownFileType = file.storyboard; name = Base; path = Base.lproj/LaunchScreen.storyboard; sourceTree = "<group>"; };
		29A06A5720816334007C48F7 /* Info.plist */ = {isa = PBXFileReference; lastKnownFileType = text.plist.xml; path = Info.plist; sourceTree = "<group>"; };
		29A06A6020823E79007C48F7 /* Service.swift */ = {isa = PBXFileReference; lastKnownFileType = sourcecode.swift; path = Service.swift; sourceTree = "<group>"; };
		29A06A6220823F31007C48F7 /* Document.swift */ = {isa = PBXFileReference; lastKnownFileType = sourcecode.swift; path = Document.swift; sourceTree = "<group>"; };
		29A06A642082446F007C48F7 /* Constants.swift */ = {isa = PBXFileReference; lastKnownFileType = sourcecode.swift; path = Constants.swift; sourceTree = "<group>"; };
		29A06A66208244E6007C48F7 /* RestEndpoints.plist */ = {isa = PBXFileReference; lastKnownFileType = text.plist.xml; path = RestEndpoints.plist; sourceTree = "<group>"; };
		29A06A69208249B1007C48F7 /* Alamofire.framework */ = {isa = PBXFileReference; lastKnownFileType = wrapper.framework; name = Alamofire.framework; path = myDocuments/Alamofire.framework; sourceTree = SOURCE_ROOT; };
		29A06A712082AA63007C48F7 /* BasicTableViewCell.swift */ = {isa = PBXFileReference; lastKnownFileType = sourcecode.swift; path = BasicTableViewCell.swift; sourceTree = "<group>"; };
		29A06A732082AAA9007C48F7 /* DocumentListTableViewController.swift */ = {isa = PBXFileReference; lastKnownFileType = sourcecode.swift; path = DocumentListTableViewController.swift; sourceTree = "<group>"; };
		29A06A772082AB6A007C48F7 /* ApplicationManager.swift */ = {isa = PBXFileReference; lastKnownFileType = sourcecode.swift; path = ApplicationManager.swift; sourceTree = "<group>"; };
		29A06A842082DFC0007C48F7 /* AddDocumentViewController.swift */ = {isa = PBXFileReference; lastKnownFileType = sourcecode.swift; path = AddDocumentViewController.swift; sourceTree = "<group>"; };
		29A06A862082ECAE007C48F7 /* User.swift */ = {isa = PBXFileReference; lastKnownFileType = sourcecode.swift; path = User.swift; sourceTree = "<group>"; };
		29DCE33720846A0400642FF6 /* LoginViewController.swift */ = {isa = PBXFileReference; lastKnownFileType = sourcecode.swift; path = LoginViewController.swift; sourceTree = "<group>"; };
		29DCE33920846A1300642FF6 /* NewAccountViewController.swift */ = {isa = PBXFileReference; lastKnownFileType = sourcecode.swift; path = NewAccountViewController.swift; sourceTree = "<group>"; };
		29DCE33B208471BB00642FF6 /* UIAlertExtension.swift */ = {isa = PBXFileReference; lastKnownFileType = sourcecode.swift; path = UIAlertExtension.swift; sourceTree = "<group>"; };
		29DCE33D208478CD00642FF6 /* myDocuments-Bridging-Header.h */ = {isa = PBXFileReference; lastKnownFileType = sourcecode.c.h; path = "myDocuments-Bridging-Header.h"; sourceTree = "<group>"; };
		29DCE34220847A1F00642FF6 /* Utils.swift */ = {isa = PBXFileReference; lastKnownFileType = sourcecode.swift; path = Utils.swift; sourceTree = "<group>"; };
		29DFB3C320839B3E0013F1EE /* DocumentDetailViewController.swift */ = {isa = PBXFileReference; lastKnownFileType = sourcecode.swift; path = DocumentDetailViewController.swift; sourceTree = "<group>"; };
		29F8B3BF2083EB53000A974C /* FilterDocumentViewController.swift */ = {isa = PBXFileReference; lastKnownFileType = sourcecode.swift; path = FilterDocumentViewController.swift; sourceTree = "<group>"; };
/* End PBXFileReference section */

/* Begin PBXFrameworksBuildPhase section */
		29A06A4520816332007C48F7 /* Frameworks */ = {
			isa = PBXFrameworksBuildPhase;
			buildActionMask = 2147483647;
			files = (
			);
			runOnlyForDeploymentPostprocessing = 0;
		};
/* End PBXFrameworksBuildPhase section */

/* Begin PBXGroup section */
		29A06A3F20816332007C48F7 = {
			isa = PBXGroup;
			children = (
				29A06A4A20816332007C48F7 /* myDocuments */,
				29A06A4920816332007C48F7 /* Products */,
			);
			sourceTree = "<group>";
		};
		29A06A4920816332007C48F7 /* Products */ = {
			isa = PBXGroup;
			children = (
				29A06A4820816332007C48F7 /* myDocuments.app */,
			);
			name = Products;
			sourceTree = "<group>";
		};
		29A06A4A20816332007C48F7 /* myDocuments */ = {
			isa = PBXGroup;
			children = (
				29A06A4B20816333007C48F7 /* AppDelegate.swift */,
				29A06A772082AB6A007C48F7 /* ApplicationManager.swift */,
				29A06A5220816334007C48F7 /* Assets.xcassets */,
				29A06A792082C044007C48F7 /* CustomCells */,
				29A06A7B2082C05F007C48F7 /* Entities */,
				29A06A5D20823E52007C48F7 /* Frameworks */,
				29A06A5720816334007C48F7 /* Info.plist */,
				29A06A7A2082C053007C48F7 /* RestServices */,
				29A06A7C2082C06A007C48F7 /* Storyboards */,
				29A06A7D2082C098007C48F7 /* ViewControllers */,
				29DCE344208496F800642FF6 /* Extensions */,
				29DCE33D208478CD00642FF6 /* myDocuments-Bridging-Header.h */,
				29DCE34220847A1F00642FF6 /* Utils.swift */,
			);
			path = myDocuments;
			sourceTree = "<group>";
		};
		29A06A5D20823E52007C48F7 /* Frameworks */ = {
			isa = PBXGroup;
			children = (
				29A06A69208249B1007C48F7 /* Alamofire.framework */,
			);
			path = Frameworks;
			sourceTree = "<group>";
		};
		29A06A792082C044007C48F7 /* CustomCells */ = {
			isa = PBXGroup;
			children = (
				29A06A712082AA63007C48F7 /* BasicTableViewCell.swift */,
				2943A86A2083901600BEEAD4 /* ImageTableViewCell.swift */,
			);
			path = CustomCells;
			sourceTree = "<group>";
		};
		29A06A7A2082C053007C48F7 /* RestServices */ = {
			isa = PBXGroup;
			children = (
				29A06A6020823E79007C48F7 /* Service.swift */,
				29A06A642082446F007C48F7 /* Constants.swift */,
				29A06A66208244E6007C48F7 /* RestEndpoints.plist */,
			);
			path = RestServices;
			sourceTree = "<group>";
		};
		29A06A7B2082C05F007C48F7 /* Entities */ = {
			isa = PBXGroup;
			children = (
				29A06A6220823F31007C48F7 /* Document.swift */,
				29A06A862082ECAE007C48F7 /* User.swift */,
			);
			path = Entities;
			sourceTree = "<group>";
		};
		29A06A7C2082C06A007C48F7 /* Storyboards */ = {
			isa = PBXGroup;
			children = (
				29A06A4F20816333007C48F7 /* Main.storyboard */,
				29A06A5420816334007C48F7 /* LaunchScreen.storyboard */,
			);
			path = Storyboards;
			sourceTree = "<group>";
		};
		29A06A7D2082C098007C48F7 /* ViewControllers */ = {
			isa = PBXGroup;
			children = (
				29DCE336208469ED00642FF6 /* Documents */,
				29DCE3452084970600642FF6 /* Account */,
			);
			path = ViewControllers;
			sourceTree = "<group>";
		};
		29DCE336208469ED00642FF6 /* Documents */ = {
			isa = PBXGroup;
			children = (
				29A06A732082AAA9007C48F7 /* DocumentListTableViewController.swift */,
				29A06A842082DFC0007C48F7 /* AddDocumentViewController.swift */,
				29DFB3C320839B3E0013F1EE /* DocumentDetailViewController.swift */,
				29F8B3BF2083EB53000A974C /* FilterDocumentViewController.swift */,
			);
			path = Documents;
			sourceTree = "<group>";
		};
		29DCE344208496F800642FF6 /* Extensions */ = {
			isa = PBXGroup;
			children = (
				2943A86820838C6700BEEAD4 /* UIImageExtension.swift */,
				29DCE33B208471BB00642FF6 /* UIAlertExtension.swift */,
			);
			path = Extensions;
			sourceTree = "<group>";
		};
		29DCE3452084970600642FF6 /* Account */ = {
			isa = PBXGroup;
			children = (
				29DCE33720846A0400642FF6 /* LoginViewController.swift */,
				29DCE33920846A1300642FF6 /* NewAccountViewController.swift */,
			);
			path = Account;
			sourceTree = "<group>";
		};
/* End PBXGroup section */

/* Begin PBXNativeTarget section */
		29A06A4720816332007C48F7 /* myDocuments */ = {
			isa = PBXNativeTarget;
			buildConfigurationList = 29A06A5A20816334007C48F7 /* Build configuration list for PBXNativeTarget "myDocuments" */;
			buildPhases = (
				29A06A4420816332007C48F7 /* Sources */,
				29A06A4520816332007C48F7 /* Frameworks */,
				29A06A4620816332007C48F7 /* Resources */,
				29A06A6E20824AF1007C48F7 /* Embed Frameworks */,
			);
			buildRules = (
			);
			dependencies = (
			);
			name = myDocuments;
			productName = myDocuments;
			productReference = 29A06A4820816332007C48F7 /* myDocuments.app */;
			productType = "com.apple.product-type.application";
		};
/* End PBXNativeTarget section */

/* Begin PBXProject section */
		29A06A4020816332007C48F7 /* Project object */ = {
			isa = PBXProject;
			attributes = {
				LastSwiftUpdateCheck = 0930;
				LastUpgradeCheck = 0930;
				ORGANIZATIONNAME = "Pedro Nascimento";
				TargetAttributes = {
					29A06A4720816332007C48F7 = {
						CreatedOnToolsVersion = 9.3;
						LastSwiftMigration = 0930;
					};
				};
			};
			buildConfigurationList = 29A06A4320816332007C48F7 /* Build configuration list for PBXProject "myDocuments" */;
			compatibilityVersion = "Xcode 9.3";
			developmentRegion = en;
			hasScannedForEncodings = 0;
			knownRegions = (
				en,
				Base,
			);
			mainGroup = 29A06A3F20816332007C48F7;
			productRefGroup = 29A06A4920816332007C48F7 /* Products */;
			projectDirPath = "";
			projectRoot = "";
			targets = (
				29A06A4720816332007C48F7 /* myDocuments */,
			);
		};
/* End PBXProject section */

/* Begin PBXResourcesBuildPhase section */
		29A06A4620816332007C48F7 /* Resources */ = {
			isa = PBXResourcesBuildPhase;
			buildActionMask = 2147483647;
			files = (
				29A06A5620816334007C48F7 /* LaunchScreen.storyboard in Resources */,
				29A06A5320816334007C48F7 /* Assets.xcassets in Resources */,
				29A06A5120816333007C48F7 /* Main.storyboard in Resources */,
				29A06A67208244E6007C48F7 /* RestEndpoints.plist in Resources */,
			);
			runOnlyForDeploymentPostprocessing = 0;
		};
/* End PBXResourcesBuildPhase section */

/* Begin PBXSourcesBuildPhase section */
		29A06A4420816332007C48F7 /* Sources */ = {
			isa = PBXSourcesBuildPhase;
			buildActionMask = 2147483647;
			files = (
				29DCE33820846A0400642FF6 /* LoginViewController.swift in Sources */,
				29A06A652082446F007C48F7 /* Constants.swift in Sources */,
				29A06A742082AAA9007C48F7 /* DocumentListTableViewController.swift in Sources */,
				29A06A782082AB6A007C48F7 /* ApplicationManager.swift in Sources */,
				29DCE33C208471BB00642FF6 /* UIAlertExtension.swift in Sources */,
				29A06A722082AA64007C48F7 /* BasicTableViewCell.swift in Sources */,
				29A06A6320823F31007C48F7 /* Document.swift in Sources */,
				29DCE34320847A1F00642FF6 /* Utils.swift in Sources */,
				2943A86920838C6800BEEAD4 /* UIImageExtension.swift in Sources */,
				29DFB3C420839B3E0013F1EE /* DocumentDetailViewController.swift in Sources */,
				29DCE33A20846A1300642FF6 /* NewAccountViewController.swift in Sources */,
				2943A86B2083901600BEEAD4 /* ImageTableViewCell.swift in Sources */,
				29A06A4C20816333007C48F7 /* AppDelegate.swift in Sources */,
				29A06A6120823E79007C48F7 /* Service.swift in Sources */,
				29F8B3C02083EB53000A974C /* FilterDocumentViewController.swift in Sources */,
				29A06A852082DFC0007C48F7 /* AddDocumentViewController.swift in Sources */,
				29A06A872082ECAE007C48F7 /* User.swift in Sources */,
			);
			runOnlyForDeploymentPostprocessing = 0;
		};
/* End PBXSourcesBuildPhase section */

/* Begin PBXVariantGroup section */
		29A06A4F20816333007C48F7 /* Main.storyboard */ = {
			isa = PBXVariantGroup;
			children = (
				29A06A5020816333007C48F7 /* Base */,
			);
			name = Main.storyboard;
			sourceTree = "<group>";
		};
		29A06A5420816334007C48F7 /* LaunchScreen.storyboard */ = {
			isa = PBXVariantGroup;
			children = (
				29A06A5520816334007C48F7 /* Base */,
			);
			name = LaunchScreen.storyboard;
			sourceTree = "<group>";
		};
/* End PBXVariantGroup section */

/* Begin XCBuildConfiguration section */
		29A06A5820816334007C48F7 /* Debug */ = {
			isa = XCBuildConfiguration;
			buildSettings = {
				ALWAYS_SEARCH_USER_PATHS = NO;
				CLANG_ANALYZER_NONNULL = YES;
				CLANG_ANALYZER_NUMBER_OBJECT_CONVERSION = YES_AGGRESSIVE;
				CLANG_CXX_LANGUAGE_STANDARD = "gnu++14";
				CLANG_CXX_LIBRARY = "libc++";
				CLANG_ENABLE_MODULES = YES;
				CLANG_ENABLE_OBJC_ARC = YES;
				CLANG_ENABLE_OBJC_WEAK = YES;
				CLANG_WARN_BLOCK_CAPTURE_AUTORELEASING = YES;
				CLANG_WARN_BOOL_CONVERSION = YES;
				CLANG_WARN_COMMA = YES;
				CLANG_WARN_CONSTANT_CONVERSION = YES;
				CLANG_WARN_DEPRECATED_OBJC_IMPLEMENTATIONS = YES;
				CLANG_WARN_DIRECT_OBJC_ISA_USAGE = YES_ERROR;
				CLANG_WARN_DOCUMENTATION_COMMENTS = YES;
				CLANG_WARN_EMPTY_BODY = YES;
				CLANG_WARN_ENUM_CONVERSION = YES;
				CLANG_WARN_INFINITE_RECURSION = YES;
				CLANG_WARN_INT_CONVERSION = YES;
				CLANG_WARN_NON_LITERAL_NULL_CONVERSION = YES;
				CLANG_WARN_OBJC_IMPLICIT_RETAIN_SELF = YES;
				CLANG_WARN_OBJC_LITERAL_CONVERSION = YES;
				CLANG_WARN_OBJC_ROOT_CLASS = YES_ERROR;
				CLANG_WARN_RANGE_LOOP_ANALYSIS = YES;
				CLANG_WARN_STRICT_PROTOTYPES = YES;
				CLANG_WARN_SUSPICIOUS_MOVE = YES;
				CLANG_WARN_UNGUARDED_AVAILABILITY = YES_AGGRESSIVE;
				CLANG_WARN_UNREACHABLE_CODE = YES;
				CLANG_WARN__DUPLICATE_METHOD_MATCH = YES;
				CODE_SIGN_IDENTITY = "iPhone Developer";
				COPY_PHASE_STRIP = NO;
				DEBUG_INFORMATION_FORMAT = dwarf;
				ENABLE_STRICT_OBJC_MSGSEND = YES;
				ENABLE_TESTABILITY = YES;
				GCC_C_LANGUAGE_STANDARD = gnu11;
				GCC_DYNAMIC_NO_PIC = NO;
				GCC_NO_COMMON_BLOCKS = YES;
				GCC_OPTIMIZATION_LEVEL = 0;
				GCC_PREPROCESSOR_DEFINITIONS = (
					"DEBUG=1",
					"$(inherited)",
				);
				GCC_WARN_64_TO_32_BIT_CONVERSION = YES;
				GCC_WARN_ABOUT_RETURN_TYPE = YES_ERROR;
				GCC_WARN_UNDECLARED_SELECTOR = YES;
				GCC_WARN_UNINITIALIZED_AUTOS = YES_AGGRESSIVE;
				GCC_WARN_UNUSED_FUNCTION = YES;
				GCC_WARN_UNUSED_VARIABLE = YES;
				IPHONEOS_DEPLOYMENT_TARGET = 11.3;
				MTL_ENABLE_DEBUG_INFO = YES;
				ONLY_ACTIVE_ARCH = YES;
				SDKROOT = iphoneos;
				SWIFT_ACTIVE_COMPILATION_CONDITIONS = DEBUG;
				SWIFT_OPTIMIZATION_LEVEL = "-Onone";
			};
			name = Debug;
		};
		29A06A5920816334007C48F7 /* Release */ = {
			isa = XCBuildConfiguration;
			buildSettings = {
				ALWAYS_SEARCH_USER_PATHS = NO;
				CLANG_ANALYZER_NONNULL = YES;
				CLANG_ANALYZER_NUMBER_OBJECT_CONVERSION = YES_AGGRESSIVE;
				CLANG_CXX_LANGUAGE_STANDARD = "gnu++14";
				CLANG_CXX_LIBRARY = "libc++";
				CLANG_ENABLE_MODULES = YES;
				CLANG_ENABLE_OBJC_ARC = YES;
				CLANG_ENABLE_OBJC_WEAK = YES;
				CLANG_WARN_BLOCK_CAPTURE_AUTORELEASING = YES;
				CLANG_WARN_BOOL_CONVERSION = YES;
				CLANG_WARN_COMMA = YES;
				CLANG_WARN_CONSTANT_CONVERSION = YES;
				CLANG_WARN_DEPRECATED_OBJC_IMPLEMENTATIONS = YES;
				CLANG_WARN_DIRECT_OBJC_ISA_USAGE = YES_ERROR;
				CLANG_WARN_DOCUMENTATION_COMMENTS = YES;
				CLANG_WARN_EMPTY_BODY = YES;
				CLANG_WARN_ENUM_CONVERSION = YES;
				CLANG_WARN_INFINITE_RECURSION = YES;
				CLANG_WARN_INT_CONVERSION = YES;
				CLANG_WARN_NON_LITERAL_NULL_CONVERSION = YES;
				CLANG_WARN_OBJC_IMPLICIT_RETAIN_SELF = YES;
				CLANG_WARN_OBJC_LITERAL_CONVERSION = YES;
				CLANG_WARN_OBJC_ROOT_CLASS = YES_ERROR;
				CLANG_WARN_RANGE_LOOP_ANALYSIS = YES;
				CLANG_WARN_STRICT_PROTOTYPES = YES;
				CLANG_WARN_SUSPICIOUS_MOVE = YES;
				CLANG_WARN_UNGUARDED_AVAILABILITY = YES_AGGRESSIVE;
				CLANG_WARN_UNREACHABLE_CODE = YES;
				CLANG_WARN__DUPLICATE_METHOD_MATCH = YES;
				CODE_SIGN_IDENTITY = "iPhone Developer";
				COPY_PHASE_STRIP = NO;
				DEBUG_INFORMATION_FORMAT = "dwarf-with-dsym";
				ENABLE_NS_ASSERTIONS = NO;
				ENABLE_STRICT_OBJC_MSGSEND = YES;
				GCC_C_LANGUAGE_STANDARD = gnu11;
				GCC_NO_COMMON_BLOCKS = YES;
				GCC_WARN_64_TO_32_BIT_CONVERSION = YES;
				GCC_WARN_ABOUT_RETURN_TYPE = YES_ERROR;
				GCC_WARN_UNDECLARED_SELECTOR = YES;
				GCC_WARN_UNINITIALIZED_AUTOS = YES_AGGRESSIVE;
				GCC_WARN_UNUSED_FUNCTION = YES;
				GCC_WARN_UNUSED_VARIABLE = YES;
				IPHONEOS_DEPLOYMENT_TARGET = 11.3;
				MTL_ENABLE_DEBUG_INFO = NO;
				SDKROOT = iphoneos;
				SWIFT_COMPILATION_MODE = wholemodule;
				SWIFT_OPTIMIZATION_LEVEL = "-O";
				VALIDATE_PRODUCT = YES;
			};
			name = Release;
		};
		29A06A5B20816334007C48F7 /* Debug */ = {
			isa = XCBuildConfiguration;
			buildSettings = {
				ASSETCATALOG_COMPILER_APPICON_NAME = AppIcon;
				CLANG_ENABLE_MODULES = YES;
				CODE_SIGN_STYLE = Automatic;
				DEVELOPMENT_TEAM = YAZWA54K8Q;
				FRAMEWORK_SEARCH_PATHS = (
					"$(inherited)",
					"$(PROJECT_DIR)/myDocuments",
				);
				INFOPLIST_FILE = myDocuments/Info.plist;
				LD_RUNPATH_SEARCH_PATHS = (
					"$(inherited)",
					"@executable_path/Frameworks",
				);
				PRODUCT_BUNDLE_IDENTIFIER = com.pedrovcn.myDocuments;
				PRODUCT_NAME = "$(TARGET_NAME)";
				SWIFT_OBJC_BRIDGING_HEADER = "myDocuments/myDocuments-Bridging-Header.h";
				SWIFT_OPTIMIZATION_LEVEL = "-Onone";
				SWIFT_VERSION = 4.0;
				TARGETED_DEVICE_FAMILY = "1,2";
			};
			name = Debug;
		};
		29A06A5C20816334007C48F7 /* Release */ = {
			isa = XCBuildConfiguration;
			buildSettings = {
				ASSETCATALOG_COMPILER_APPICON_NAME = AppIcon;
				CLANG_ENABLE_MODULES = YES;
				CODE_SIGN_STYLE = Automatic;
				DEVELOPMENT_TEAM = YAZWA54K8Q;
				FRAMEWORK_SEARCH_PATHS = (
					"$(inherited)",
					"$(PROJECT_DIR)/myDocuments",
				);
				INFOPLIST_FILE = myDocuments/Info.plist;
				LD_RUNPATH_SEARCH_PATHS = (
					"$(inherited)",
					"@executable_path/Frameworks",
				);
				PRODUCT_BUNDLE_IDENTIFIER = com.pedrovcn.myDocuments;
				PRODUCT_NAME = "$(TARGET_NAME)";
				SWIFT_OBJC_BRIDGING_HEADER = "myDocuments/myDocuments-Bridging-Header.h";
				SWIFT_VERSION = 4.0;
				TARGETED_DEVICE_FAMILY = "1,2";
			};
			name = Release;
		};
/* End XCBuildConfiguration section */

/* Begin XCConfigurationList section */
		29A06A4320816332007C48F7 /* Build configuration list for PBXProject "myDocuments" */ = {
			isa = XCConfigurationList;
			buildConfigurations = (
				29A06A5820816334007C48F7 /* Debug */,
				29A06A5920816334007C48F7 /* Release */,
			);
			defaultConfigurationIsVisible = 0;
			defaultConfigurationName = Release;
		};
		29A06A5A20816334007C48F7 /* Build configuration list for PBXNativeTarget "myDocuments" */ = {
			isa = XCConfigurationList;
			buildConfigurations = (
				29A06A5B20816334007C48F7 /* Debug */,
				29A06A5C20816334007C48F7 /* Release */,
			);
			defaultConfigurationIsVisible = 0;
			defaultConfigurationName = Release;
		};
/* End XCConfigurationList section */
	};
	rootObject = 29A06A4020816332007C48F7 /* Project object */;
}
